
Microsoft Visual Studio Solution File, Format Version 12.00
# Visual Studio Version 17
VisualStudioVersion = 17.5.33530.505
MinimumVisualStudioVersion = 10.0.40219.1
Project("{FAE04EC0-301F-11D3-BF4B-00C04F79EFBC}") = "AuthLogin", "AuthLogin\AuthLogin.csproj", "{2313E195-E1D3-4459-B31A-7698BB3E263E}"
EndProject
Global
	GlobalSection(SolutionConfigurationPlatforms) = preSolution
		Debug|Any CPU = Debug|Any CPU
		Release|Any CPU = Release|Any CPU
	EndGlobalSection
	GlobalSection(ProjectConfigurationPlatforms) = postSolution
		{2313E195-E1D3-4459-B31A-7698BB3E263E}.Debug|Any CPU.ActiveCfg = Debug|Any CPU
		{2313E195-E1D3-4459-B31A-7698BB3E263E}.Debug|Any CPU.Build.0 = Debug|Any CPU
		{2313E195-E1D3-4459-B31A-7698BB3E263E}.Release|Any CPU.ActiveCfg = Release|Any CPU
		{2313E195-E1D3-4459-B31A-7698BB3E263E}.Release|Any CPU.Build.0 = Release|Any CPU
	EndGlobalSection
	GlobalSection(SolutionProperties) = preSolution
		HideSolutionNode = FALSE
	EndGlobalSection
	GlobalSection(ExtensibilityGlobals) = postSolution
		SolutionGuid = {512B7D81-F0BF-449C-905F-278CD1D22BC5}
	EndGlobalSection
EndGlobal
